// !$*UTF8*$!
{
	archiveVersion = 1;
	classes = {
	};
	objectVersion = 55;
	objects = {

/* Begin PBXBuildFile section */
		7FEDDF9A2885A73B00A02949 /* AppDelegate.swift in Sources */ = {isa = PBXBuildFile; fileRef = 7FEDDF992885A73B00A02949 /* AppDelegate.swift */; };
		7FEDDF9C2885A73B00A02949 /* SceneDelegate.swift in Sources */ = {isa = PBXBuildFile; fileRef = 7FEDDF9B2885A73B00A02949 /* SceneDelegate.swift */; };
		7FEDDF9E2885A73B00A02949 /* ViewController.swift in Sources */ = {isa = PBXBuildFile; fileRef = 7FEDDF9D2885A73B00A02949 /* ViewController.swift */; };
		7FEDDFA12885A73B00A02949 /* Main.storyboard in Resources */ = {isa = PBXBuildFile; fileRef = 7FEDDF9F2885A73B00A02949 /* Main.storyboard */; };
		7FEDDFA42885A73B00A02949 /* To_Do_List.xcdatamodeld in Sources */ = {isa = PBXBuildFile; fileRef = 7FEDDFA22885A73B00A02949 /* To_Do_List.xcdatamodeld */; };
		7FEDDFA62885A73E00A02949 /* Assets.xcassets in Resources */ = {isa = PBXBuildFile; fileRef = 7FEDDFA52885A73E00A02949 /* Assets.xcassets */; };
		7FEDDFA92885A73E00A02949 /* LaunchScreen.storyboard in Resources */ = {isa = PBXBuildFile; fileRef = 7FEDDFA72885A73E00A02949 /* LaunchScreen.storyboard */; };
		7FEDDFB42885A73E00A02949 /* To_Do_ListTests.swift in Sources */ = {isa = PBXBuildFile; fileRef = 7FEDDFB32885A73E00A02949 /* To_Do_ListTests.swift */; };
		7FEDDFBE2885A73E00A02949 /* To_Do_ListUITests.swift in Sources */ = {isa = PBXBuildFile; fileRef = 7FEDDFBD2885A73E00A02949 /* To_Do_ListUITests.swift */; };
		7FEDDFC02885A73E00A02949 /* To_Do_ListUITestsLaunchTests.swift in Sources */ = {isa = PBXBuildFile; fileRef = 7FEDDFBF2885A73E00A02949 /* To_Do_ListUITestsLaunchTests.swift */; };
/* End PBXBuildFile section */

/* Begin PBXContainerItemProxy section */
		7FEDDFB02885A73E00A02949 /* PBXContainerItemProxy */ = {
			isa = PBXContainerItemProxy;
			containerPortal = 7FEDDF8E2885A73B00A02949 /* Project object */;
			proxyType = 1;
			remoteGlobalIDString = 7FEDDF952885A73B00A02949;
			remoteInfo = "To-Do List";
		};
		7FEDDFBA2885A73E00A02949 /* PBXContainerItemProxy */ = {
			isa = PBXContainerItemProxy;
			containerPortal = 7FEDDF8E2885A73B00A02949 /* Project object */;
			proxyType = 1;
			remoteGlobalIDString = 7FEDDF952885A73B00A02949;
			remoteInfo = "To-Do List";
		};
/* End PBXContainerItemProxy section */

/* Begin PBXFileReference section */
		7FEDDF962885A73B00A02949 /* To-Do List.app */ = {isa = PBXFileReference; explicitFileType = wrapper.application; includeInIndex = 0; path = "To-Do List.app"; sourceTree = BUILT_PRODUCTS_DIR; };
		7FEDDF992885A73B00A02949 /* AppDelegate.swift */ = {isa = PBXFileReference; lastKnownFileType = sourcecode.swift; path = AppDelegate.swift; sourceTree = "<group>"; };
		7FEDDF9B2885A73B00A02949 /* SceneDelegate.swift */ = {isa = PBXFileReference; lastKnownFileType = sourcecode.swift; path = SceneDelegate.swift; sourceTree = "<group>"; };
		7FEDDF9D2885A73B00A02949 /* ViewController.swift */ = {isa = PBXFileReference; lastKnownFileType = sourcecode.swift; path = ViewController.swift; sourceTree = "<group>"; };
		7FEDDFA02885A73B00A02949 /* Base */ = {isa = PBXFileReference; lastKnownFileType = file.storyboard; name = Base; path = Base.lproj/Main.storyboard; sourceTree = "<group>"; };
		7FEDDFA32885A73B00A02949 /* To_Do_List.xcdatamodel */ = {isa = PBXFileReference; lastKnownFileType = wrapper.xcdatamodel; path = To_Do_List.xcdatamodel; sourceTree = "<group>"; };
		7FEDDFA52885A73E00A02949 /* Assets.xcassets */ = {isa = PBXFileReference; lastKnownFileType = folder.assetcatalog; path = Assets.xcassets; sourceTree = "<group>"; };
		7FEDDFA82885A73E00A02949 /* Base */ = {isa = PBXFileReference; lastKnownFileType = file.storyboard; name = Base; path = Base.lproj/LaunchScreen.storyboard; sourceTree = "<group>"; };
		7FEDDFAA2885A73E00A02949 /* Info.plist */ = {isa = PBXFileReference; lastKnownFileType = text.plist.xml; path = Info.plist; sourceTree = "<group>"; };
		7FEDDFAF2885A73E00A02949 /* To-Do ListTests.xctest */ = {isa = PBXFileReference; explicitFileType = wrapper.cfbundle; includeInIndex = 0; path = "To-Do ListTests.xctest"; sourceTree = BUILT_PRODUCTS_DIR; };
		7FEDDFB32885A73E00A02949 /* To_Do_ListTests.swift */ = {isa = PBXFileReference; lastKnownFileType = sourcecode.swift; path = To_Do_ListTests.swift; sourceTree = "<group>"; };
		7FEDDFB92885A73E00A02949 /* To-Do ListUITests.xctest */ = {isa = PBXFileReference; explicitFileType = wrapper.cfbundle; includeInIndex = 0; path = "To-Do ListUITests.xctest"; sourceTree = BUILT_PRODUCTS_DIR; };
		7FEDDFBD2885A73E00A02949 /* To_Do_ListUITests.swift */ = {isa = PBXFileReference; lastKnownFileType = sourcecode.swift; path = To_Do_ListUITests.swift; sourceTree = "<group>"; };
		7FEDDFBF2885A73E00A02949 /* To_Do_ListUITestsLaunchTests.swift */ = {isa = PBXFileReference; lastKnownFileType = sourcecode.swift; path = To_Do_ListUITestsLaunchTests.swift; sourceTree = "<group>"; };
/* End PBXFileReference section */

/* Begin PBXFrameworksBuildPhase section */
		7FEDDF932885A73B00A02949 /* Frameworks */ = {
			isa = PBXFrameworksBuildPhase;
			buildActionMask = 2147483647;
			files = (
			);
			runOnlyForDeploymentPostprocessing = 0;
		};
		7FEDDFAC2885A73E00A02949 /* Frameworks */ = {
			isa = PBXFrameworksBuildPhase;
			buildActionMask = 2147483647;
			files = (
			);
			runOnlyForDeploymentPostprocessing = 0;
		};
		7FEDDFB62885A73E00A02949 /* Frameworks */ = {
			isa = PBXFrameworksBuildPhase;
			buildActionMask = 2147483647;
			files = (
			);
			runOnlyForDeploymentPostprocessing = 0;
		};
/* End PBXFrameworksBuildPhase section */

/* Begin PBXGroup section */
		7FEDDF8D2885A73B00A02949 = {
			isa = PBXGroup;
			children = (
				7FEDDF982885A73B00A02949 /* To-Do List */,
				7FEDDFB22885A73E00A02949 /* To-Do ListTests */,
				7FEDDFBC2885A73E00A02949 /* To-Do ListUITests */,
				7FEDDF972885A73B00A02949 /* Products */,
			);
			sourceTree = "<group>";
		};
		7FEDDF972885A73B00A02949 /* Products */ = {
			isa = PBXGroup;
			children = (
				7FEDDF962885A73B00A02949 /* To-Do List.app */,
				7FEDDFAF2885A73E00A02949 /* To-Do ListTests.xctest */,
				7FEDDFB92885A73E00A02949 /* To-Do ListUITests.xctest */,
			);
			name = Products;
			sourceTree = "<group>";
		};
		7FEDDF982885A73B00A02949 /* To-Do List */ = {
			isa = PBXGroup;
			children = (
				7FEDDF992885A73B00A02949 /* AppDelegate.swift */,
				7FEDDF9B2885A73B00A02949 /* SceneDelegate.swift */,
				7FEDDF9D2885A73B00A02949 /* ViewController.swift */,
				7FEDDF9F2885A73B00A02949 /* Main.storyboard */,
				7FEDDFA52885A73E00A02949 /* Assets.xcassets */,
				7FEDDFA72885A73E00A02949 /* LaunchScreen.storyboard */,
				7FEDDFAA2885A73E00A02949 /* Info.plist */,
				7FEDDFA22885A73B00A02949 /* To_Do_List.xcdatamodeld */,
			);
			path = "To-Do List";
			sourceTree = "<group>";
		};
		7FEDDFB22885A73E00A02949 /* To-Do ListTests */ = {
			isa = PBXGroup;
			children = (
				7FEDDFB32885A73E00A02949 /* To_Do_ListTests.swift */,
			);
			path = "To-Do ListTests";
			sourceTree = "<group>";
		};
		7FEDDFBC2885A73E00A02949 /* To-Do ListUITests */ = {
			isa = PBXGroup;
			children = (
				7FEDDFBD2885A73E00A02949 /* To_Do_ListUITests.swift */,
				7FEDDFBF2885A73E00A02949 /* To_Do_ListUITestsLaunchTests.swift */,
			);
			path = "To-Do ListUITests";
			sourceTree = "<group>";
		};
/* End PBXGroup section */

/* Begin PBXNativeTarget section */
		7FEDDF952885A73B00A02949 /* To-Do List */ = {
			isa = PBXNativeTarget;
			buildConfigurationList = 7FEDDFC32885A73E00A02949 /* Build configuration list for PBXNativeTarget "To-Do List" */;
			buildPhases = (
				7FEDDF922885A73B00A02949 /* Sources */,
				7FEDDF932885A73B00A02949 /* Frameworks */,
				7FEDDF942885A73B00A02949 /* Resources */,
			);
			buildRules = (
			);
			dependencies = (
			);
			name = "To-Do List";
			productName = "To-Do List";
			productReference = 7FEDDF962885A73B00A02949 /* To-Do List.app */;
			productType = "com.apple.product-type.application";
		};
		7FEDDFAE2885A73E00A02949 /* To-Do ListTests */ = {
			isa = PBXNativeTarget;
			buildConfigurationList = 7FEDDFC62885A73E00A02949 /* Build configuration list for PBXNativeTarget "To-Do ListTests" */;
			buildPhases = (
				7FEDDFAB2885A73E00A02949 /* Sources */,
				7FEDDFAC2885A73E00A02949 /* Frameworks */,
				7FEDDFAD2885A73E00A02949 /* Resources */,
			);
			buildRules = (
			);
			dependencies = (
				7FEDDFB12885A73E00A02949 /* PBXTargetDependency */,
			);
			name = "To-Do ListTests";
			productName = "To-Do ListTests";
			productReference = 7FEDDFAF2885A73E00A02949 /* To-Do ListTests.xctest */;
			productType = "com.apple.product-type.bundle.unit-test";
		};
		7FEDDFB82885A73E00A02949 /* To-Do ListUITests */ = {
			isa = PBXNativeTarget;
			buildConfigurationList = 7FEDDFC92885A73E00A02949 /* Build configuration list for PBXNativeTarget "To-Do ListUITests" */;
			buildPhases = (
				7FEDDFB52885A73E00A02949 /* Sources */,
				7FEDDFB62885A73E00A02949 /* Frameworks */,
				7FEDDFB72885A73E00A02949 /* Resources */,
			);
			buildRules = (
			);
			dependencies = (
				7FEDDFBB2885A73E00A02949 /* PBXTargetDependency */,
			);
			name = "To-Do ListUITests";
			productName = "To-Do ListUITests";
			productReference = 7FEDDFB92885A73E00A02949 /* To-Do ListUITests.xctest */;
			productType = "com.apple.product-type.bundle.ui-testing";
		};
/* End PBXNativeTarget section */

/* Begin PBXProject section */
		7FEDDF8E2885A73B00A02949 /* Project object */ = {
			isa = PBXProject;
			attributes = {
				BuildIndependentTargetsInParallel = 1;
				LastSwiftUpdateCheck = 1340;
				LastUpgradeCheck = 1340;
				TargetAttributes = {
					7FEDDF952885A73B00A02949 = {
						CreatedOnToolsVersion = 13.4.1;
					};
					7FEDDFAE2885A73E00A02949 = {
						CreatedOnToolsVersion = 13.4.1;
						TestTargetID = 7FEDDF952885A73B00A02949;
					};
					7FEDDFB82885A73E00A02949 = {
						CreatedOnToolsVersion = 13.4.1;
						TestTargetID = 7FEDDF952885A73B00A02949;
					};
				};
			};
			buildConfigurationList = 7FEDDF912885A73B00A02949 /* Build configuration list for PBXProject "To-Do List" */;
			compatibilityVersion = "Xcode 13.0";
			developmentRegion = en;
			hasScannedForEncodings = 0;
			knownRegions = (
				en,
				Base,
			);
			mainGroup = 7FEDDF8D2885A73B00A02949;
			productRefGroup = 7FEDDF972885A73B00A02949 /* Products */;
			projectDirPath = "";
			projectRoot = "";
			targets = (
				7FEDDF952885A73B00A02949 /* To-Do List */,
				7FEDDFAE2885A73E00A02949 /* To-Do ListTests */,
				7FEDDFB82885A73E00A02949 /* To-Do ListUITests */,
			);
		};
/* End PBXProject section */

/* Begin PBXResourcesBuildPhase section */
		7FEDDF942885A73B00A02949 /* Resources */ = {
			isa = PBXResourcesBuildPhase;
			buildActionMask = 2147483647;
			files = (
				7FEDDFA92885A73E00A02949 /* LaunchScreen.storyboard in Resources */,
				7FEDDFA62885A73E00A02949 /* Assets.xcassets in Resources */,
				7FEDDFA12885A73B00A02949 /* Main.storyboard in Resources */,
			);
			runOnlyForDeploymentPostprocessing = 0;
		};
		7FEDDFAD2885A73E00A02949 /* Resources */ = {
			isa = PBXResourcesBuildPhase;
			buildActionMask = 2147483647;
			files = (
			);
			runOnlyForDeploymentPostprocessing = 0;
		};
		7FEDDFB72885A73E00A02949 /* Resources */ = {
			isa = PBXResourcesBuildPhase;
			buildActionMask = 2147483647;
			files = (
			);
			runOnlyForDeploymentPostprocessing = 0;
		};
/* End PBXResourcesBuildPhase section */

/* Begin PBXSourcesBuildPhase section */
		7FEDDF922885A73B00A02949 /* Sources */ = {
			isa = PBXSourcesBuildPhase;
			buildActionMask = 2147483647;
			files = (
				7FEDDF9E2885A73B00A02949 /* ViewController.swift in Sources */,
				7FEDDF9A2885A73B00A02949 /* AppDelegate.swift in Sources */,
				7FEDDF9C2885A73B00A02949 /* SceneDelegate.swift in Sources */,
				7FEDDFA42885A73B00A02949 /* To_Do_List.xcdatamodeld in Sources */,
			);
			runOnlyForDeploymentPostprocessing = 0;
		};
		7FEDDFAB2885A73E00A02949 /* Sources */ = {
			isa = PBXSourcesBuildPhase;
			buildActionMask = 2147483647;
			files = (
				7FEDDFB42885A73E00A02949 /* To_Do_ListTests.swift in Sources */,
			);
			runOnlyForDeploymentPostprocessing = 0;
		};
		7FEDDFB52885A73E00A02949 /* Sources */ = {
			isa = PBXSourcesBuildPhase;
			buildActionMask = 2147483647;
			files = (
				7FEDDFC02885A73E00A02949 /* To_Do_ListUITestsLaunchTests.swift in Sources */,
				7FEDDFBE2885A73E00A02949 /* To_Do_ListUITests.swift in Sources */,
			);
			runOnlyForDeploymentPostprocessing = 0;
		};
/* End PBXSourcesBuildPhase section */

/* Begin PBXTargetDependency section */
		7FEDDFB12885A73E00A02949 /* PBXTargetDependency */ = {
			isa = PBXTargetDependency;
			target = 7FEDDF952885A73B00A02949 /* To-Do List */;
			targetProxy = 7FEDDFB02885A73E00A02949 /* PBXContainerItemProxy */;
		};
		7FEDDFBB2885A73E00A02949 /* PBXTargetDependency */ = {
			isa = PBXTargetDependency;
			target = 7FEDDF952885A73B00A02949 /* To-Do List */;
			targetProxy = 7FEDDFBA2885A73E00A02949 /* PBXContainerItemProxy */;
		};
/* End PBXTargetDependency section */

/* Begin PBXVariantGroup section */
		7FEDDF9F2885A73B00A02949 /* Main.storyboard */ = {
			isa = PBXVariantGroup;
			children = (
				7FEDDFA02885A73B00A02949 /* Base */,
			);
			name = Main.storyboard;
			sourceTree = "<group>";
		};
		7FEDDFA72885A73E00A02949 /* LaunchScreen.storyboard */ = {
			isa = PBXVariantGroup;
			children = (
				7FEDDFA82885A73E00A02949 /* Base */,
			);
			name = LaunchScreen.storyboard;
			sourceTree = "<group>";
		};
/* End PBXVariantGroup section */

/* Begin XCBuildConfiguration section */
		7FEDDFC12885A73E00A02949 /* Debug */ = {
			isa = XCBuildConfiguration;
			buildSettings = {
				ALWAYS_SEARCH_USER_PATHS = NO;
				CLANG_ANALYZER_NONNULL = YES;
				CLANG_ANALYZER_NUMBER_OBJECT_CONVERSION = YES_AGGRESSIVE;
				CLANG_CXX_LANGUAGE_STANDARD = "gnu++17";
				CLANG_ENABLE_MODULES = YES;
				CLANG_ENABLE_OBJC_ARC = YES;
				CLANG_ENABLE_OBJC_WEAK = YES;
				CLANG_WARN_BLOCK_CAPTURE_AUTORELEASING = YES;
				CLANG_WARN_BOOL_CONVERSION = YES;
				CLANG_WARN_COMMA = YES;
				CLANG_WARN_CONSTANT_CONVERSION = YES;
				CLANG_WARN_DEPRECATED_OBJC_IMPLEMENTATIONS = YES;
				CLANG_WARN_DIRECT_OBJC_ISA_USAGE = YES_ERROR;
				CLANG_WARN_DOCUMENTATION_COMMENTS = YES;
				CLANG_WARN_EMPTY_BODY = YES;
				CLANG_WARN_ENUM_CONVERSION = YES;
				CLANG_WARN_INFINITE_RECURSION = YES;
				CLANG_WARN_INT_CONVERSION = YES;
				CLANG_WARN_NON_LITERAL_NULL_CONVERSION = YES;
				CLANG_WARN_OBJC_IMPLICIT_RETAIN_SELF = YES;
				CLANG_WARN_OBJC_LITERAL_CONVERSION = YES;
				CLANG_WARN_OBJC_ROOT_CLASS = YES_ERROR;
				CLANG_WARN_QUOTED_INCLUDE_IN_FRAMEWORK_HEADER = YES;
				CLANG_WARN_RANGE_LOOP_ANALYSIS = YES;
				CLANG_WARN_STRICT_PROTOTYPES = YES;
				CLANG_WARN_SUSPICIOUS_MOVE = YES;
				CLANG_WARN_UNGUARDED_AVAILABILITY = YES_AGGRESSIVE;
				CLANG_WARN_UNREACHABLE_CODE = YES;
				CLANG_WARN__DUPLICATE_METHOD_MATCH = YES;
				COPY_PHASE_STRIP = NO;
				DEBUG_INFORMATION_FORMAT = dwarf;
				ENABLE_STRICT_OBJC_MSGSEND = YES;
				ENABLE_TESTABILITY = YES;
				GCC_C_LANGUAGE_STANDARD = gnu11;
				GCC_DYNAMIC_NO_PIC = NO;
				GCC_NO_COMMON_BLOCKS = YES;
				GCC_OPTIMIZATION_LEVEL = 0;
				GCC_PREPROCESSOR_DEFINITIONS = (
					"DEBUG=1",
					"$(inherited)",
				);
				GCC_WARN_64_TO_32_BIT_CONVERSION = YES;
				GCC_WARN_ABOUT_RETURN_TYPE = YES_ERROR;
				GCC_WARN_UNDECLARED_SELECTOR = YES;
				GCC_WARN_UNINITIALIZED_AUTOS = YES_AGGRESSIVE;
				GCC_WARN_UNUSED_FUNCTION = YES;
				GCC_WARN_UNUSED_VARIABLE = YES;
				IPHONEOS_DEPLOYMENT_TARGET = 15.5;
				MTL_ENABLE_DEBUG_INFO = INCLUDE_SOURCE;
				MTL_FAST_MATH = YES;
				ONLY_ACTIVE_ARCH = YES;
				SDKROOT = iphoneos;
				SWIFT_ACTIVE_COMPILATION_CONDITIONS = DEBUG;
				SWIFT_OPTIMIZATION_LEVEL = "-Onone";
			};
			name = Debug;
		};
		7FEDDFC22885A73E00A02949 /* Release */ = {
			isa = XCBuildConfiguration;
			buildSettings = {
				ALWAYS_SEARCH_USER_PATHS = NO;
				CLANG_ANALYZER_NONNULL = YES;
				CLANG_ANALYZER_NUMBER_OBJECT_CONVERSION = YES_AGGRESSIVE;
				CLANG_CXX_LANGUAGE_STANDARD = "gnu++17";
				CLANG_ENABLE_MODULES = YES;
				CLANG_ENABLE_OBJC_ARC = YES;
				CLANG_ENABLE_OBJC_WEAK = YES;
				CLANG_WARN_BLOCK_CAPTURE_AUTORELEASING = YES;
				CLANG_WARN_BOOL_CONVERSION = YES;
				CLANG_WARN_COMMA = YES;
				CLANG_WARN_CONSTANT_CONVERSION = YES;
				CLANG_WARN_DEPRECATED_OBJC_IMPLEMENTATIONS = YES;
				CLANG_WARN_DIRECT_OBJC_ISA_USAGE = YES_ERROR;
				CLANG_WARN_DOCUMENTATION_COMMENTS = YES;
				CLANG_WARN_EMPTY_BODY = YES;
				CLANG_WARN_ENUM_CONVERSION = YES;
				CLANG_WARN_INFINITE_RECURSION = YES;
				CLANG_WARN_INT_CONVERSION = YES;
				CLANG_WARN_NON_LITERAL_NULL_CONVERSION = YES;
				CLANG_WARN_OBJC_IMPLICIT_RETAIN_SELF = YES;
				CLANG_WARN_OBJC_LITERAL_CONVERSION = YES;
				CLANG_WARN_OBJC_ROOT_CLASS = YES_ERROR;
				CLANG_WARN_QUOTED_INCLUDE_IN_FRAMEWORK_HEADER = YES;
				CLANG_WARN_RANGE_LOOP_ANALYSIS = YES;
				CLANG_WARN_STRICT_PROTOTYPES = YES;
				CLANG_WARN_SUSPICIOUS_MOVE = YES;
				CLANG_WARN_UNGUARDED_AVAILABILITY = YES_AGGRESSIVE;
				CLANG_WARN_UNREACHABLE_CODE = YES;
				CLANG_WARN__DUPLICATE_METHOD_MATCH = YES;
				COPY_PHASE_STRIP = NO;
				DEBUG_INFORMATION_FORMAT = "dwarf-with-dsym";
				ENABLE_NS_ASSERTIONS = NO;
				ENABLE_STRICT_OBJC_MSGSEND = YES;
				GCC_C_LANGUAGE_STANDARD = gnu11;
				GCC_NO_COMMON_BLOCKS = YES;
				GCC_WARN_64_TO_32_BIT_CONVERSION = YES;
				GCC_WARN_ABOUT_RETURN_TYPE = YES_ERROR;
				GCC_WARN_UNDECLARED_SELECTOR = YES;
				GCC_WARN_UNINITIALIZED_AUTOS = YES_AGGRESSIVE;
				GCC_WARN_UNUSED_FUNCTION = YES;
				GCC_WARN_UNUSED_VARIABLE = YES;
				IPHONEOS_DEPLOYMENT_TARGET = 15.5;
				MTL_ENABLE_DEBUG_INFO = NO;
				MTL_FAST_MATH = YES;
				SDKROOT = iphoneos;
				SWIFT_COMPILATION_MODE = wholemodule;
				SWIFT_OPTIMIZATION_LEVEL = "-O";
				VALIDATE_PRODUCT = YES;
			};
			name = Release;
		};
		7FEDDFC42885A73E00A02949 /* Debug */ = {
			isa = XCBuildConfiguration;
			buildSettings = {
				ASSETCATALOG_COMPILER_APPICON_NAME = AppIcon;
				ASSETCATALOG_COMPILER_GLOBAL_ACCENT_COLOR_NAME = AccentColor;
				CODE_SIGN_STYLE = Automatic;
				CURRENT_PROJECT_VERSION = 1;
				GENERATE_INFOPLIST_FILE = YES;
				INFOPLIST_FILE = "To-Do List/Info.plist";
				INFOPLIST_KEY_UIApplicationSupportsIndirectInputEvents = YES;
				INFOPLIST_KEY_UILaunchStoryboardName = LaunchScreen;
				INFOPLIST_KEY_UIMainStoryboardFile = Main;
				INFOPLIST_KEY_UISupportedInterfaceOrientations_iPad = "UIInterfaceOrientationPortrait UIInterfaceOrientationPortraitUpsideDown UIInterfaceOrientationLandscapeLeft UIInterfaceOrientationLandscapeRight";
				INFOPLIST_KEY_UISupportedInterfaceOrientations_iPhone = "UIInterfaceOrientationPortrait UIInterfaceOrientationLandscapeLeft UIInterfaceOrientationLandscapeRight";
				LD_RUNPATH_SEARCH_PATHS = (
					"$(inherited)",
					"@executable_path/Frameworks",
				);
				MARKETING_VERSION = 1.0;
				PRODUCT_BUNDLE_IDENTIFIER = "KWK.22.NalanieI..To-Do-List";
				PRODUCT_NAME = "$(TARGET_NAME)";
				SWIFT_EMIT_LOC_STRINGS = YES;
				SWIFT_VERSION = 5.0;
				TARGETED_DEVICE_FAMILY = "1,2";
			};
			name = Debug;
		};
		7FEDDFC52885A73E00A02949 /* Release */ = {
			isa = XCBuildConfiguration;
			buildSettings = {
				ASSETCATALOG_COMPILER_APPICON_NAME = AppIcon;
				ASSETCATALOG_COMPILER_GLOBAL_ACCENT_COLOR_NAME = AccentColor;
				CODE_SIGN_STYLE = Automatic;
				CURRENT_PROJECT_VERSION = 1;
				GENERATE_INFOPLIST_FILE = YES;
				INFOPLIST_FILE = "To-Do List/Info.plist";
				INFOPLIST_KEY_UIApplicationSupportsIndirectInputEvents = YES;
				INFOPLIST_KEY_UILaunchStoryboardName = LaunchScreen;
				INFOPLIST_KEY_UIMainStoryboardFile = Main;
				INFOPLIST_KEY_UISupportedInterfaceOrientations_iPad = "UIInterfaceOrientationPortrait UIInterfaceOrientationPortraitUpsideDown UIInterfaceOrientationLandscapeLeft UIInterfaceOrientationLandscapeRight";
				INFOPLIST_KEY_UISupportedInterfaceOrientations_iPhone = "UIInterfaceOrientationPortrait UIInterfaceOrientationLandscapeLeft UIInterfaceOrientationLandscapeRight";
				LD_RUNPATH_SEARCH_PATHS = (
					"$(inherited)",
					"@executable_path/Frameworks",
				);
				MARKETING_VERSION = 1.0;
				PRODUCT_BUNDLE_IDENTIFIER = "KWK.22.NalanieI..To-Do-List";
				PRODUCT_NAME = "$(TARGET_NAME)";
				SWIFT_EMIT_LOC_STRINGS = YES;
				SWIFT_VERSION = 5.0;
				TARGETED_DEVICE_FAMILY = "1,2";
			};
			name = Release;
		};
		7FEDDFC72885A73E00A02949 /* Debug */ = {
			isa = XCBuildConfiguration;
			buildSettings = {
				ALWAYS_EMBED_SWIFT_STANDARD_LIBRARIES = YES;
				BUNDLE_LOADER = "$(TEST_HOST)";
				CODE_SIGN_STYLE = Automatic;
				CURRENT_PROJECT_VERSION = 1;
				GENERATE_INFOPLIST_FILE = YES;
				IPHONEOS_DEPLOYMENT_TARGET = 15.5;
				MARKETING_VERSION = 1.0;
				PRODUCT_BUNDLE_IDENTIFIER = "KWK.22.NalanieI..To-Do-ListTests";
				PRODUCT_NAME = "$(TARGET_NAME)";
				SWIFT_EMIT_LOC_STRINGS = NO;
				SWIFT_VERSION = 5.0;
				TARGETED_DEVICE_FAMILY = "1,2";
				TEST_HOST = "$(BUILT_PRODUCTS_DIR)/To-Do List.app/To-Do List";
			};
			name = Debug;
		};
		7FEDDFC82885A73E00A02949 /* Release */ = {
			isa = XCBuildConfiguration;
			buildSettings = {
				ALWAYS_EMBED_SWIFT_STANDARD_LIBRARIES = YES;
				BUNDLE_LOADER = "$(TEST_HOST)";
				CODE_SIGN_STYLE = Automatic;
				CURRENT_PROJECT_VERSION = 1;
				GENERATE_INFOPLIST_FILE = YES;
				IPHONEOS_DEPLOYMENT_TARGET = 15.5;
				MARKETING_VERSION = 1.0;
				PRODUCT_BUNDLE_IDENTIFIER = "KWK.22.NalanieI..To-Do-ListTests";
				PRODUCT_NAME = "$(TARGET_NAME)";
				SWIFT_EMIT_LOC_STRINGS = NO;
				SWIFT_VERSION = 5.0;
				TARGETED_DEVICE_FAMILY = "1,2";
				TEST_HOST = "$(BUILT_PRODUCTS_DIR)/To-Do List.app/To-Do List";
			};
			name = Release;
		};
		7FEDDFCA2885A73E00A02949 /* Debug */ = {
			isa = XCBuildConfiguration;
			buildSettings = {
				ALWAYS_EMBED_SWIFT_STANDARD_LIBRARIES = YES;
				CODE_SIGN_STYLE = Automatic;
				CURRENT_PROJECT_VERSION = 1;
				GENERATE_INFOPLIST_FILE = YES;
				MARKETING_VERSION = 1.0;
				PRODUCT_BUNDLE_IDENTIFIER = "KWK.22.NalanieI..To-Do-ListUITests";
				PRODUCT_NAME = "$(TARGET_NAME)";
				SWIFT_EMIT_LOC_STRINGS = NO;
				SWIFT_VERSION = 5.0;
				TARGETED_DEVICE_FAMILY = "1,2";
				TEST_TARGET_NAME = "To-Do List";
			};
			name = Debug;
		};
		7FEDDFCB2885A73E00A02949 /* Release */ = {
			isa = XCBuildConfiguration;
			buildSettings = {
				ALWAYS_EMBED_SWIFT_STANDARD_LIBRARIES = YES;
				CODE_SIGN_STYLE = Automatic;
				CURRENT_PROJECT_VERSION = 1;
				GENERATE_INFOPLIST_FILE = YES;
				MARKETING_VERSION = 1.0;
				PRODUCT_BUNDLE_IDENTIFIER = "KWK.22.NalanieI..To-Do-ListUITests";
				PRODUCT_NAME = "$(TARGET_NAME)";
				SWIFT_EMIT_LOC_STRINGS = NO;
				SWIFT_VERSION = 5.0;
				TARGETED_DEVICE_FAMILY = "1,2";
				TEST_TARGET_NAME = "To-Do List";
			};
			name = Release;
		};
/* End XCBuildConfiguration section */

/* Begin XCConfigurationList section */
		7FEDDF912885A73B00A02949 /* Build configuration list for PBXProject "To-Do List" */ = {
			isa = XCConfigurationList;
			buildConfigurations = (
				7FEDDFC12885A73E00A02949 /* Debug */,
				7FEDDFC22885A73E00A02949 /* Release */,
			);
			defaultConfigurationIsVisible = 0;
			defaultConfigurationName = Release;
		};
		7FEDDFC32885A73E00A02949 /* Build configuration list for PBXNativeTarget "To-Do List" */ = {
			isa = XCConfigurationList;
			buildConfigurations = (
				7FEDDFC42885A73E00A02949 /* Debug */,
				7FEDDFC52885A73E00A02949 /* Release */,
			);
			defaultConfigurationIsVisible = 0;
			defaultConfigurationName = Release;
		};
		7FEDDFC62885A73E00A02949 /* Build configuration list for PBXNativeTarget "To-Do ListTests" */ = {
			isa = XCConfigurationList;
			buildConfigurations = (
				7FEDDFC72885A73E00A02949 /* Debug */,
				7FEDDFC82885A73E00A02949 /* Release */,
			);
			defaultConfigurationIsVisible = 0;
			defaultConfigurationName = Release;
		};
		7FEDDFC92885A73E00A02949 /* Build configuration list for PBXNativeTarget "To-Do ListUITests" */ = {
			isa = XCConfigurationList;
			buildConfigurations = (
				7FEDDFCA2885A73E00A02949 /* Debug */,
				7FEDDFCB2885A73E00A02949 /* Release */,
			);
			defaultConfigurationIsVisible = 0;
			defaultConfigurationName = Release;
		};
/* End XCConfigurationList section */

/* Begin XCVersionGroup section */
		7FEDDFA22885A73B00A02949 /* To_Do_List.xcdatamodeld */ = {
			isa = XCVersionGroup;
			children = (
				7FEDDFA32885A73B00A02949 /* To_Do_List.xcdatamodel */,
			);
			currentVersion = 7FEDDFA32885A73B00A02949 /* To_Do_List.xcdatamodel */;
			path = To_Do_List.xcdatamodeld;
			sourceTree = "<group>";
			versionGroupType = wrapper.xcdatamodel;
		};
/* End XCVersionGroup section */
	};
	rootObject = 7FEDDF8E2885A73B00A02949 /* Project object */;
}
